
Microsoft Visual Studio Solution File, Format Version 12.00
# Visual Studio Version 17
VisualStudioVersion = 17.10.35027.167
MinimumVisualStudioVersion = 10.0.40219.1
Project("{9A19103F-16F7-4668-BE54-9A1E7A4F7556}") = "SuperShop", "SuperShop\SuperShop.csproj", "{AA13E48D-A0A5-422B-B37B-6FA8DFA173B9}"
EndProject
Project("{FAE04EC0-301F-11D3-BF4B-00C04F79EFBC}") = "Supershop.Prism", "Supershop.Prism\Supershop.Prism\Supershop.Prism.csproj", "{3FFB4F03-145E-4E1D-A14F-AE58BFF6C0F5}"
EndProject
Project("{FAE04EC0-301F-11D3-BF4B-00C04F79EFBC}") = "Supershop.Prism.Android", "Supershop.Prism\Supershop.Prism.Android\Supershop.Prism.Android.csproj", "{86869E1B-EE95-4C21-AA11-58DAF64C6AF9}"
EndProject
Project("{FAE04EC0-301F-11D3-BF4B-00C04F79EFBC}") = "Supershop.Prism.iOS", "Supershop.Prism\Supershop.Prism.iOS\Supershop.Prism.iOS.csproj", "{59AF21F6-8D97-4FDC-AE59-E3EFBA68A2D3}"
EndProject
Global
	GlobalSection(SolutionConfigurationPlatforms) = preSolution
		Ad-Hoc|Any CPU = Ad-Hoc|Any CPU
		Ad-Hoc|iPhone = Ad-Hoc|iPhone
		Ad-Hoc|iPhoneSimulator = Ad-Hoc|iPhoneSimulator
		AppStore|Any CPU = AppStore|Any CPU
		AppStore|iPhone = AppStore|iPhone
		AppStore|iPhoneSimulator = AppStore|iPhoneSimulator
		Debug|Any CPU = Debug|Any CPU
		Debug|iPhone = Debug|iPhone
		Debug|iPhoneSimulator = Debug|iPhoneSimulator
		Release|Any CPU = Release|Any CPU
		Release|iPhone = Release|iPhone
		Release|iPhoneSimulator = Release|iPhoneSimulator
	EndGlobalSection
	GlobalSection(ProjectConfigurationPlatforms) = postSolution
		{AA13E48D-A0A5-422B-B37B-6FA8DFA173B9}.Ad-Hoc|Any CPU.ActiveCfg = Release|Any CPU
		{AA13E48D-A0A5-422B-B37B-6FA8DFA173B9}.Ad-Hoc|Any CPU.Build.0 = Release|Any CPU
		{AA13E48D-A0A5-422B-B37B-6FA8DFA173B9}.Ad-Hoc|iPhone.ActiveCfg = Release|Any CPU
		{AA13E48D-A0A5-422B-B37B-6FA8DFA173B9}.Ad-Hoc|iPhone.Build.0 = Release|Any CPU
		{AA13E48D-A0A5-422B-B37B-6FA8DFA173B9}.Ad-Hoc|iPhoneSimulator.ActiveCfg = Release|Any CPU
		{AA13E48D-A0A5-422B-B37B-6FA8DFA173B9}.Ad-Hoc|iPhoneSimulator.Build.0 = Release|Any CPU
		{AA13E48D-A0A5-422B-B37B-6FA8DFA173B9}.AppStore|Any CPU.ActiveCfg = Release|Any CPU
		{AA13E48D-A0A5-422B-B37B-6FA8DFA173B9}.AppStore|Any CPU.Build.0 = Release|Any CPU
		{AA13E48D-A0A5-422B-B37B-6FA8DFA173B9}.AppStore|iPhone.ActiveCfg = Release|Any CPU
		{AA13E48D-A0A5-422B-B37B-6FA8DFA173B9}.AppStore|iPhone.Build.0 = Release|Any CPU
		{AA13E48D-A0A5-422B-B37B-6FA8DFA173B9}.AppStore|iPhoneSimulator.ActiveCfg = Release|Any CPU
		{AA13E48D-A0A5-422B-B37B-6FA8DFA173B9}.AppStore|iPhoneSimulator.Build.0 = Release|Any CPU
		{AA13E48D-A0A5-422B-B37B-6FA8DFA173B9}.Debug|Any CPU.ActiveCfg = Debug|Any CPU
		{AA13E48D-A0A5-422B-B37B-6FA8DFA173B9}.Debug|Any CPU.Build.0 = Debug|Any CPU
		{AA13E48D-A0A5-422B-B37B-6FA8DFA173B9}.Debug|iPhone.ActiveCfg = Debug|Any CPU
		{AA13E48D-A0A5-422B-B37B-6FA8DFA173B9}.Debug|iPhone.Build.0 = Debug|Any CPU
		{AA13E48D-A0A5-422B-B37B-6FA8DFA173B9}.Debug|iPhoneSimulator.ActiveCfg = Debug|Any CPU
		{AA13E48D-A0A5-422B-B37B-6FA8DFA173B9}.Debug|iPhoneSimulator.Build.0 = Debug|Any CPU
		{AA13E48D-A0A5-422B-B37B-6FA8DFA173B9}.Release|Any CPU.ActiveCfg = Release|Any CPU
		{AA13E48D-A0A5-422B-B37B-6FA8DFA173B9}.Release|Any CPU.Build.0 = Release|Any CPU
		{AA13E48D-A0A5-422B-B37B-6FA8DFA173B9}.Release|iPhone.ActiveCfg = Release|Any CPU
		{AA13E48D-A0A5-422B-B37B-6FA8DFA173B9}.Release|iPhone.Build.0 = Release|Any CPU
		{AA13E48D-A0A5-422B-B37B-6FA8DFA173B9}.Release|iPhoneSimulator.ActiveCfg = Release|Any CPU
		{AA13E48D-A0A5-422B-B37B-6FA8DFA173B9}.Release|iPhoneSimulator.Build.0 = Release|Any CPU
		{3FFB4F03-145E-4E1D-A14F-AE58BFF6C0F5}.Ad-Hoc|Any CPU.ActiveCfg = Debug|Any CPU
		{3FFB4F03-145E-4E1D-A14F-AE58BFF6C0F5}.Ad-Hoc|Any CPU.Build.0 = Debug|Any CPU
		{3FFB4F03-145E-4E1D-A14F-AE58BFF6C0F5}.Ad-Hoc|iPhone.ActiveCfg = Debug|Any CPU
		{3FFB4F03-145E-4E1D-A14F-AE58BFF6C0F5}.Ad-Hoc|iPhone.Build.0 = Debug|Any CPU
		{3FFB4F03-145E-4E1D-A14F-AE58BFF6C0F5}.Ad-Hoc|iPhoneSimulator.ActiveCfg = Debug|Any CPU
		{3FFB4F03-145E-4E1D-A14F-AE58BFF6C0F5}.Ad-Hoc|iPhoneSimulator.Build.0 = Debug|Any CPU
		{3FFB4F03-145E-4E1D-A14F-AE58BFF6C0F5}.AppStore|Any CPU.ActiveCfg = Debug|Any CPU
		{3FFB4F03-145E-4E1D-A14F-AE58BFF6C0F5}.AppStore|Any CPU.Build.0 = Debug|Any CPU
		{3FFB4F03-145E-4E1D-A14F-AE58BFF6C0F5}.AppStore|iPhone.ActiveCfg = Debug|Any CPU
		{3FFB4F03-145E-4E1D-A14F-AE58BFF6C0F5}.AppStore|iPhone.Build.0 = Debug|Any CPU
		{3FFB4F03-145E-4E1D-A14F-AE58BFF6C0F5}.AppStore|iPhoneSimulator.ActiveCfg = Debug|Any CPU
		{3FFB4F03-145E-4E1D-A14F-AE58BFF6C0F5}.AppStore|iPhoneSimulator.Build.0 = Debug|Any CPU
		{3FFB4F03-145E-4E1D-A14F-AE58BFF6C0F5}.Debug|Any CPU.ActiveCfg = Debug|Any CPU
		{3FFB4F03-145E-4E1D-A14F-AE58BFF6C0F5}.Debug|Any CPU.Build.0 = Debug|Any CPU
		{3FFB4F03-145E-4E1D-A14F-AE58BFF6C0F5}.Debug|iPhone.ActiveCfg = Debug|Any CPU
		{3FFB4F03-145E-4E1D-A14F-AE58BFF6C0F5}.Debug|iPhone.Build.0 = Debug|Any CPU
		{3FFB4F03-145E-4E1D-A14F-AE58BFF6C0F5}.Debug|iPhoneSimulator.ActiveCfg = Debug|Any CPU
		{3FFB4F03-145E-4E1D-A14F-AE58BFF6C0F5}.Debug|iPhoneSimulator.Build.0 = Debug|Any CPU
		{3FFB4F03-145E-4E1D-A14F-AE58BFF6C0F5}.Release|Any CPU.ActiveCfg = Release|Any CPU
		{3FFB4F03-145E-4E1D-A14F-AE58BFF6C0F5}.Release|Any CPU.Build.0 = Release|Any CPU
		{3FFB4F03-145E-4E1D-A14F-AE58BFF6C0F5}.Release|iPhone.ActiveCfg = Release|Any CPU
		{3FFB4F03-145E-4E1D-A14F-AE58BFF6C0F5}.Release|iPhone.Build.0 = Release|Any CPU
		{3FFB4F03-145E-4E1D-A14F-AE58BFF6C0F5}.Release|iPhoneSimulator.ActiveCfg = Release|Any CPU
		{3FFB4F03-145E-4E1D-A14F-AE58BFF6C0F5}.Release|iPhoneSimulator.Build.0 = Release|Any CPU
		{86869E1B-EE95-4C21-AA11-58DAF64C6AF9}.Ad-Hoc|Any CPU.ActiveCfg = Debug|Any CPU
		{86869E1B-EE95-4C21-AA11-58DAF64C6AF9}.Ad-Hoc|Any CPU.Build.0 = Debug|Any CPU
		{86869E1B-EE95-4C21-AA11-58DAF64C6AF9}.Ad-Hoc|Any CPU.Deploy.0 = Debug|Any CPU
		{86869E1B-EE95-4C21-AA11-58DAF64C6AF9}.Ad-Hoc|iPhone.ActiveCfg = Debug|Any CPU
		{86869E1B-EE95-4C21-AA11-58DAF64C6AF9}.Ad-Hoc|iPhone.Build.0 = Debug|Any CPU
		{86869E1B-EE95-4C21-AA11-58DAF64C6AF9}.Ad-Hoc|iPhone.Deploy.0 = Debug|Any CPU
		{86869E1B-EE95-4C21-AA11-58DAF64C6AF9}.Ad-Hoc|iPhoneSimulator.ActiveCfg = Debug|Any CPU
		{86869E1B-EE95-4C21-AA11-58DAF64C6AF9}.Ad-Hoc|iPhoneSimulator.Build.0 = Debug|Any CPU
		{86869E1B-EE95-4C21-AA11-58DAF64C6AF9}.Ad-Hoc|iPhoneSimulator.Deploy.0 = Debug|Any CPU
		{86869E1B-EE95-4C21-AA11-58DAF64C6AF9}.AppStore|Any CPU.ActiveCfg = Debug|Any CPU
		{86869E1B-EE95-4C21-AA11-58DAF64C6AF9}.AppStore|Any CPU.Build.0 = Debug|Any CPU
		{86869E1B-EE95-4C21-AA11-58DAF64C6AF9}.AppStore|Any CPU.Deploy.0 = Debug|Any CPU
		{86869E1B-EE95-4C21-AA11-58DAF64C6AF9}.AppStore|iPhone.ActiveCfg = Debug|Any CPU
		{86869E1B-EE95-4C21-AA11-58DAF64C6AF9}.AppStore|iPhone.Build.0 = Debug|Any CPU
		{86869E1B-EE95-4C21-AA11-58DAF64C6AF9}.AppStore|iPhone.Deploy.0 = Debug|Any CPU
		{86869E1B-EE95-4C21-AA11-58DAF64C6AF9}.AppStore|iPhoneSimulator.ActiveCfg = Debug|Any CPU
		{86869E1B-EE95-4C21-AA11-58DAF64C6AF9}.AppStore|iPhoneSimulator.Build.0 = Debug|Any CPU
		{86869E1B-EE95-4C21-AA11-58DAF64C6AF9}.AppStore|iPhoneSimulator.Deploy.0 = Debug|Any CPU
		{86869E1B-EE95-4C21-AA11-58DAF64C6AF9}.Debug|Any CPU.ActiveCfg = Debug|Any CPU
		{86869E1B-EE95-4C21-AA11-58DAF64C6AF9}.Debug|Any CPU.Build.0 = Debug|Any CPU
		{86869E1B-EE95-4C21-AA11-58DAF64C6AF9}.Debug|Any CPU.Deploy.0 = Debug|Any CPU
		{86869E1B-EE95-4C21-AA11-58DAF64C6AF9}.Debug|iPhone.ActiveCfg = Debug|Any CPU
		{86869E1B-EE95-4C21-AA11-58DAF64C6AF9}.Debug|iPhone.Build.0 = Debug|Any CPU
		{86869E1B-EE95-4C21-AA11-58DAF64C6AF9}.Debug|iPhone.Deploy.0 = Debug|Any CPU
		{86869E1B-EE95-4C21-AA11-58DAF64C6AF9}.Debug|iPhoneSimulator.ActiveCfg = Debug|Any CPU
		{86869E1B-EE95-4C21-AA11-58DAF64C6AF9}.Debug|iPhoneSimulator.Build.0 = Debug|Any CPU
		{86869E1B-EE95-4C21-AA11-58DAF64C6AF9}.Debug|iPhoneSimulator.Deploy.0 = Debug|Any CPU
		{86869E1B-EE95-4C21-AA11-58DAF64C6AF9}.Release|Any CPU.ActiveCfg = Release|Any CPU
		{86869E1B-EE95-4C21-AA11-58DAF64C6AF9}.Release|Any CPU.Build.0 = Release|Any CPU
		{86869E1B-EE95-4C21-AA11-58DAF64C6AF9}.Release|Any CPU.Deploy.0 = Release|Any CPU
		{86869E1B-EE95-4C21-AA11-58DAF64C6AF9}.Release|iPhone.ActiveCfg = Release|Any CPU
		{86869E1B-EE95-4C21-AA11-58DAF64C6AF9}.Release|iPhone.Build.0 = Release|Any CPU
		{86869E1B-EE95-4C21-AA11-58DAF64C6AF9}.Release|iPhone.Deploy.0 = Release|Any CPU
		{86869E1B-EE95-4C21-AA11-58DAF64C6AF9}.Release|iPhoneSimulator.ActiveCfg = Release|Any CPU
		{86869E1B-EE95-4C21-AA11-58DAF64C6AF9}.Release|iPhoneSimulator.Build.0 = Release|Any CPU
		{86869E1B-EE95-4C21-AA11-58DAF64C6AF9}.Release|iPhoneSimulator.Deploy.0 = Release|Any CPU
		{59AF21F6-8D97-4FDC-AE59-E3EFBA68A2D3}.Ad-Hoc|Any CPU.ActiveCfg = Ad-Hoc|iPhoneSimulator
		{59AF21F6-8D97-4FDC-AE59-E3EFBA68A2D3}.Ad-Hoc|Any CPU.Build.0 = Ad-Hoc|iPhoneSimulator
		{59AF21F6-8D97-4FDC-AE59-E3EFBA68A2D3}.Ad-Hoc|iPhone.ActiveCfg = Ad-Hoc|iPhone
		{59AF21F6-8D97-4FDC-AE59-E3EFBA68A2D3}.Ad-Hoc|iPhone.Build.0 = Ad-Hoc|iPhone
		{59AF21F6-8D97-4FDC-AE59-E3EFBA68A2D3}.Ad-Hoc|iPhoneSimulator.ActiveCfg = Ad-Hoc|iPhoneSimulator
		{59AF21F6-8D97-4FDC-AE59-E3EFBA68A2D3}.Ad-Hoc|iPhoneSimulator.Build.0 = Ad-Hoc|iPhoneSimulator
		{59AF21F6-8D97-4FDC-AE59-E3EFBA68A2D3}.AppStore|Any CPU.ActiveCfg = AppStore|iPhoneSimulator
		{59AF21F6-8D97-4FDC-AE59-E3EFBA68A2D3}.AppStore|Any CPU.Build.0 = AppStore|iPhoneSimulator
		{59AF21F6-8D97-4FDC-AE59-E3EFBA68A2D3}.AppStore|iPhone.ActiveCfg = AppStore|iPhone
		{59AF21F6-8D97-4FDC-AE59-E3EFBA68A2D3}.AppStore|iPhone.Build.0 = AppStore|iPhone
		{59AF21F6-8D97-4FDC-AE59-E3EFBA68A2D3}.AppStore|iPhoneSimulator.ActiveCfg = AppStore|iPhoneSimulator
		{59AF21F6-8D97-4FDC-AE59-E3EFBA68A2D3}.AppStore|iPhoneSimulator.Build.0 = AppStore|iPhoneSimulator
		{59AF21F6-8D97-4FDC-AE59-E3EFBA68A2D3}.Debug|Any CPU.ActiveCfg = Debug|iPhoneSimulator
		{59AF21F6-8D97-4FDC-AE59-E3EFBA68A2D3}.Debug|Any CPU.Build.0 = Debug|iPhoneSimulator
		{59AF21F6-8D97-4FDC-AE59-E3EFBA68A2D3}.Debug|iPhone.ActiveCfg = Debug|iPhone
		{59AF21F6-8D97-4FDC-AE59-E3EFBA68A2D3}.Debug|iPhone.Build.0 = Debug|iPhone
		{59AF21F6-8D97-4FDC-AE59-E3EFBA68A2D3}.Debug|iPhoneSimulator.ActiveCfg = Debug|iPhoneSimulator
		{59AF21F6-8D97-4FDC-AE59-E3EFBA68A2D3}.Debug|iPhoneSimulator.Build.0 = Debug|iPhoneSimulator
		{59AF21F6-8D97-4FDC-AE59-E3EFBA68A2D3}.Release|Any CPU.ActiveCfg = Release|iPhoneSimulator
		{59AF21F6-8D97-4FDC-AE59-E3EFBA68A2D3}.Release|Any CPU.Build.0 = Release|iPhoneSimulator
		{59AF21F6-8D97-4FDC-AE59-E3EFBA68A2D3}.Release|iPhone.ActiveCfg = Release|iPhone
		{59AF21F6-8D97-4FDC-AE59-E3EFBA68A2D3}.Release|iPhone.Build.0 = Release|iPhone
		{59AF21F6-8D97-4FDC-AE59-E3EFBA68A2D3}.Release|iPhoneSimulator.ActiveCfg = Release|iPhoneSimulator
		{59AF21F6-8D97-4FDC-AE59-E3EFBA68A2D3}.Release|iPhoneSimulator.Build.0 = Release|iPhoneSimulator
	EndGlobalSection
	GlobalSection(SolutionProperties) = preSolution
		HideSolutionNode = FALSE
	EndGlobalSection
	GlobalSection(ExtensibilityGlobals) = postSolution
		SolutionGuid = {55B98BD3-C084-4D98-A341-63E0A326A9EF}
	EndGlobalSection
EndGlobal
